
Microsoft Visual Studio Solution File, Format Version 12.00
# Visual Studio Version 16
VisualStudioVersion = 16.0.31911.196
MinimumVisualStudioVersion = 10.0.40219.1
Project("{FAE04EC0-301F-11D3-BF4B-00C04F79EFBC}") = "3 and 7 numbers", "3 and 7 numbers.csproj", "{4C45C767-0715-43DA-B0A9-94D6CE694AE6}"
EndProject
Global
	GlobalSection(SolutionConfigurationPlatforms) = preSolution
		Debug|Any CPU = Debug|Any CPU
		Release|Any CPU = Release|Any CPU
	EndGlobalSection
	GlobalSection(ProjectConfigurationPlatforms) = postSolution
		{4C45C767-0715-43DA-B0A9-94D6CE694AE6}.Debug|Any CPU.ActiveCfg = Debug|Any CPU
		{4C45C767-0715-43DA-B0A9-94D6CE694AE6}.Debug|Any CPU.Build.0 = Debug|Any CPU
		{4C45C767-0715-43DA-B0A9-94D6CE694AE6}.Release|Any CPU.ActiveCfg = Release|Any CPU
		{4C45C767-0715-43DA-B0A9-94D6CE694AE6}.Release|Any CPU.Build.0 = Release|Any CPU
	EndGlobalSection
	GlobalSection(SolutionProperties) = preSolution
		HideSolutionNode = FALSE
	EndGlobalSection
	GlobalSection(ExtensibilityGlobals) = postSolution
		SolutionGuid = {8B77F724-D3DC-4068-B35A-2FF940003A2F}
	EndGlobalSection
EndGlobal
