
Microsoft Visual Studio Solution File, Format Version 12.00
# Visual Studio Version 16
VisualStudioVersion = 16.0.31911.196
MinimumVisualStudioVersion = 10.0.40219.1
Project("{FAE04EC0-301F-11D3-BF4B-00C04F79EFBC}") = "SimpleComplex", "SimpleComplex.csproj", "{C24433C0-DBF8-4EB4-9597-218E69899BB7}"
EndProject
Global
	GlobalSection(SolutionConfigurationPlatforms) = preSolution
		Debug|Any CPU = Debug|Any CPU
		Release|Any CPU = Release|Any CPU
	EndGlobalSection
	GlobalSection(ProjectConfigurationPlatforms) = postSolution
		{C24433C0-DBF8-4EB4-9597-218E69899BB7}.Debug|Any CPU.ActiveCfg = Debug|Any CPU
		{C24433C0-DBF8-4EB4-9597-218E69899BB7}.Debug|Any CPU.Build.0 = Debug|Any CPU
		{C24433C0-DBF8-4EB4-9597-218E69899BB7}.Release|Any CPU.ActiveCfg = Release|Any CPU
		{C24433C0-DBF8-4EB4-9597-218E69899BB7}.Release|Any CPU.Build.0 = Release|Any CPU
	EndGlobalSection
	GlobalSection(SolutionProperties) = preSolution
		HideSolutionNode = FALSE
	EndGlobalSection
	GlobalSection(ExtensibilityGlobals) = postSolution
		SolutionGuid = {5EFBFE9D-05AA-4738-ADFA-449FBBE9E33E}
	EndGlobalSection
EndGlobal
